
Microsoft Visual Studio Solution File, Format Version 12.00
# Visual Studio Version 17
VisualStudioVersion = 17.7.34221.43
MinimumVisualStudioVersion = 10.0.40219.1
Project("{9A19103F-16F7-4668-BE54-9A1E7A4F7556}") = "Publisher", "Publisher\Publisher.csproj", "{2484DC04-B0EF-44CF-AE5B-DCA6D76E3E89}"
EndProject
Project("{9A19103F-16F7-4668-BE54-9A1E7A4F7556}") = "Subscriber", "Subscriber\Subscriber.csproj", "{2B51C0CE-309E-4E2D-BA2B-6BD461E026B2}"
EndProject
Project("{9A19103F-16F7-4668-BE54-9A1E7A4F7556}") = "RepositoryLayer", "RepositoryLayer\RepositoryLayer.csproj", "{4022EDFC-05D1-4A48-8A40-BC2909E0CE9D}"
EndProject
Project("{9A19103F-16F7-4668-BE54-9A1E7A4F7556}") = "Entities", "Entities\Entities.csproj", "{4B85EE2C-72B9-4BEB-9527-80FE69B8C0FD}"
EndProject
Project("{9A19103F-16F7-4668-BE54-9A1E7A4F7556}") = "Services", "Services\Services.csproj", "{39129FC2-2485-4B5E-B81C-0AA0D63202F8}"
EndProject
Project("{9A19103F-16F7-4668-BE54-9A1E7A4F7556}") = "Common", "Common\Common.csproj", "{6B804B67-0AD5-4609-BB19-15533E71D202}"
EndProject
Global
	GlobalSection(SolutionConfigurationPlatforms) = preSolution
		Debug|Any CPU = Debug|Any CPU
		Release|Any CPU = Release|Any CPU
	EndGlobalSection
	GlobalSection(ProjectConfigurationPlatforms) = postSolution
		{2484DC04-B0EF-44CF-AE5B-DCA6D76E3E89}.Debug|Any CPU.ActiveCfg = Debug|Any CPU
		{2484DC04-B0EF-44CF-AE5B-DCA6D76E3E89}.Debug|Any CPU.Build.0 = Debug|Any CPU
		{2484DC04-B0EF-44CF-AE5B-DCA6D76E3E89}.Release|Any CPU.ActiveCfg = Release|Any CPU
		{2484DC04-B0EF-44CF-AE5B-DCA6D76E3E89}.Release|Any CPU.Build.0 = Release|Any CPU
		{2B51C0CE-309E-4E2D-BA2B-6BD461E026B2}.Debug|Any CPU.ActiveCfg = Debug|Any CPU
		{2B51C0CE-309E-4E2D-BA2B-6BD461E026B2}.Debug|Any CPU.Build.0 = Debug|Any CPU
		{2B51C0CE-309E-4E2D-BA2B-6BD461E026B2}.Release|Any CPU.ActiveCfg = Release|Any CPU
		{2B51C0CE-309E-4E2D-BA2B-6BD461E026B2}.Release|Any CPU.Build.0 = Release|Any CPU
		{4022EDFC-05D1-4A48-8A40-BC2909E0CE9D}.Debug|Any CPU.ActiveCfg = Debug|Any CPU
		{4022EDFC-05D1-4A48-8A40-BC2909E0CE9D}.Debug|Any CPU.Build.0 = Debug|Any CPU
		{4022EDFC-05D1-4A48-8A40-BC2909E0CE9D}.Release|Any CPU.ActiveCfg = Release|Any CPU
		{4022EDFC-05D1-4A48-8A40-BC2909E0CE9D}.Release|Any CPU.Build.0 = Release|Any CPU
		{4B85EE2C-72B9-4BEB-9527-80FE69B8C0FD}.Debug|Any CPU.ActiveCfg = Debug|Any CPU
		{4B85EE2C-72B9-4BEB-9527-80FE69B8C0FD}.Debug|Any CPU.Build.0 = Debug|Any CPU
		{4B85EE2C-72B9-4BEB-9527-80FE69B8C0FD}.Release|Any CPU.ActiveCfg = Release|Any CPU
		{4B85EE2C-72B9-4BEB-9527-80FE69B8C0FD}.Release|Any CPU.Build.0 = Release|Any CPU
		{39129FC2-2485-4B5E-B81C-0AA0D63202F8}.Debug|Any CPU.ActiveCfg = Debug|Any CPU
		{39129FC2-2485-4B5E-B81C-0AA0D63202F8}.Debug|Any CPU.Build.0 = Debug|Any CPU
		{39129FC2-2485-4B5E-B81C-0AA0D63202F8}.Release|Any CPU.ActiveCfg = Release|Any CPU
		{39129FC2-2485-4B5E-B81C-0AA0D63202F8}.Release|Any CPU.Build.0 = Release|Any CPU
		{6B804B67-0AD5-4609-BB19-15533E71D202}.Debug|Any CPU.ActiveCfg = Debug|Any CPU
		{6B804B67-0AD5-4609-BB19-15533E71D202}.Debug|Any CPU.Build.0 = Debug|Any CPU
		{6B804B67-0AD5-4609-BB19-15533E71D202}.Release|Any CPU.ActiveCfg = Release|Any CPU
		{6B804B67-0AD5-4609-BB19-15533E71D202}.Release|Any CPU.Build.0 = Release|Any CPU
	EndGlobalSection
	GlobalSection(SolutionProperties) = preSolution
		HideSolutionNode = FALSE
	EndGlobalSection
	GlobalSection(ExtensibilityGlobals) = postSolution
		SolutionGuid = {6E7512AB-7294-49F6-9F18-A967F0B0C397}
	EndGlobalSection
EndGlobal
